
Microsoft Visual Studio Solution File, Format Version 12.00
# Visual Studio Version 17
VisualStudioVersion = 17.2.32526.322
MinimumVisualStudioVersion = 10.0.40219.1
Project("{FAE04EC0-301F-11D3-BF4B-00C04F79EFBC}") = "employeeWage", "employeeWage\employeeWage.csproj", "{34736509-0B86-45DE-98AD-8DAB6BDC146F}"
EndProject
Global
	GlobalSection(SolutionConfigurationPlatforms) = preSolution
		Debug|Any CPU = Debug|Any CPU
		Release|Any CPU = Release|Any CPU
	EndGlobalSection
	GlobalSection(ProjectConfigurationPlatforms) = postSolution
		{34736509-0B86-45DE-98AD-8DAB6BDC146F}.Debug|Any CPU.ActiveCfg = Debug|Any CPU
		{34736509-0B86-45DE-98AD-8DAB6BDC146F}.Debug|Any CPU.Build.0 = Debug|Any CPU
		{34736509-0B86-45DE-98AD-8DAB6BDC146F}.Release|Any CPU.ActiveCfg = Release|Any CPU
		{34736509-0B86-45DE-98AD-8DAB6BDC146F}.Release|Any CPU.Build.0 = Release|Any CPU
	EndGlobalSection
	GlobalSection(SolutionProperties) = preSolution
		HideSolutionNode = FALSE
	EndGlobalSection
	GlobalSection(ExtensibilityGlobals) = postSolution
		SolutionGuid = {18198C95-1764-4349-87A7-896F68DFF29C}
	EndGlobalSection
EndGlobal
